
Microsoft Visual Studio Solution File, Format Version 12.00
# Visual Studio Version 17
VisualStudioVersion = 17.3.32901.215
MinimumVisualStudioVersion = 10.0.40219.1
Project("{FAE04EC0-301F-11D3-BF4B-00C04F79EFBC}") = "Clientes", "Clientes\Clientes.csproj", "{12C988A8-378E-4485-B518-89A0B997118B}"
EndProject
Global
	GlobalSection(SolutionConfigurationPlatforms) = preSolution
		Debug|Any CPU = Debug|Any CPU
		Release|Any CPU = Release|Any CPU
	EndGlobalSection
	GlobalSection(ProjectConfigurationPlatforms) = postSolution
		{12C988A8-378E-4485-B518-89A0B997118B}.Debug|Any CPU.ActiveCfg = Debug|Any CPU
		{12C988A8-378E-4485-B518-89A0B997118B}.Debug|Any CPU.Build.0 = Debug|Any CPU
		{12C988A8-378E-4485-B518-89A0B997118B}.Release|Any CPU.ActiveCfg = Release|Any CPU
		{12C988A8-378E-4485-B518-89A0B997118B}.Release|Any CPU.Build.0 = Release|Any CPU
	EndGlobalSection
	GlobalSection(SolutionProperties) = preSolution
		HideSolutionNode = FALSE
	EndGlobalSection
	GlobalSection(ExtensibilityGlobals) = postSolution
		SolutionGuid = {8F84DF2F-4594-4A7E-A7D5-3B73DF1AA176}
	EndGlobalSection
EndGlobal
